
Microsoft Visual Studio Solution File, Format Version 12.00
# Visual Studio Version 17
VisualStudioVersion = 17.0.31912.275
MinimumVisualStudioVersion = 10.0.40219.1
Project("{FAE04EC0-301F-11D3-BF4B-00C04F79EFBC}") = "ConsoleChat.Server", "ConsoleChat.Server\ConsoleChat.Server.csproj", "{8AC2ADE3-A9D0-497B-A6B8-9D5522C79EBD}"
EndProject
Project("{FAE04EC0-301F-11D3-BF4B-00C04F79EFBC}") = "ConsoleChat.Client", "ConsoleChat.Client\ConsoleChat.Client.csproj", "{98B4F6D5-1C55-4424-BCC7-3E7AE317B46A}"
EndProject
Project("{FAE04EC0-301F-11D3-BF4B-00C04F79EFBC}") = "ConsoleChat.Core", "ConsoleChat.Core\ConsoleChat.Core.csproj", "{1238D737-6CB0-408F-AAFA-02B4BF824322}"
EndProject
Global
	GlobalSection(SolutionConfigurationPlatforms) = preSolution
		Debug|Any CPU = Debug|Any CPU
		Release|Any CPU = Release|Any CPU
	EndGlobalSection
	GlobalSection(ProjectConfigurationPlatforms) = postSolution
		{8AC2ADE3-A9D0-497B-A6B8-9D5522C79EBD}.Debug|Any CPU.ActiveCfg = Debug|Any CPU
		{8AC2ADE3-A9D0-497B-A6B8-9D5522C79EBD}.Debug|Any CPU.Build.0 = Debug|Any CPU
		{8AC2ADE3-A9D0-497B-A6B8-9D5522C79EBD}.Release|Any CPU.ActiveCfg = Release|Any CPU
		{8AC2ADE3-A9D0-497B-A6B8-9D5522C79EBD}.Release|Any CPU.Build.0 = Release|Any CPU
		{98B4F6D5-1C55-4424-BCC7-3E7AE317B46A}.Debug|Any CPU.ActiveCfg = Debug|Any CPU
		{98B4F6D5-1C55-4424-BCC7-3E7AE317B46A}.Debug|Any CPU.Build.0 = Debug|Any CPU
		{98B4F6D5-1C55-4424-BCC7-3E7AE317B46A}.Release|Any CPU.ActiveCfg = Release|Any CPU
		{98B4F6D5-1C55-4424-BCC7-3E7AE317B46A}.Release|Any CPU.Build.0 = Release|Any CPU
		{1238D737-6CB0-408F-AAFA-02B4BF824322}.Debug|Any CPU.ActiveCfg = Debug|Any CPU
		{1238D737-6CB0-408F-AAFA-02B4BF824322}.Debug|Any CPU.Build.0 = Debug|Any CPU
		{1238D737-6CB0-408F-AAFA-02B4BF824322}.Release|Any CPU.ActiveCfg = Release|Any CPU
		{1238D737-6CB0-408F-AAFA-02B4BF824322}.Release|Any CPU.Build.0 = Release|Any CPU
	EndGlobalSection
	GlobalSection(SolutionProperties) = preSolution
		HideSolutionNode = FALSE
	EndGlobalSection
	GlobalSection(ExtensibilityGlobals) = postSolution
		SolutionGuid = {E12147FA-0ACC-4187-B3E5-39BFDF7F9D17}
	EndGlobalSection
EndGlobal
